// !$*UTF8*$!
{
	archiveVersion = 1;
	classes = {
	};
	objectVersion = 46;
	objects = {

/* Begin PBXBuildFile section */
		3F398BE31C633FBB00F89C2C /* AppDelegate.swift in Sources */ = {isa = PBXBuildFile; fileRef = 3F398BE21C633FBB00F89C2C /* AppDelegate.swift */; };
		3F398BE51C633FBB00F89C2C /* Assets.xcassets in Resources */ = {isa = PBXBuildFile; fileRef = 3F398BE41C633FBB00F89C2C /* Assets.xcassets */; };
		3F398BE81C633FBB00F89C2C /* MainMenu.xib in Resources */ = {isa = PBXBuildFile; fileRef = 3F398BE61C633FBB00F89C2C /* MainMenu.xib */; };
		3F398C011C633FE800F89C2C /* AgentAlgorithm.swift in Sources */ = {isa = PBXBuildFile; fileRef = 3F398BEF1C633FE800F89C2C /* AgentAlgorithm.swift */; };
		3F398C021C633FE800F89C2C /* AgentInFloorField.swift in Sources */ = {isa = PBXBuildFile; fileRef = 3F398BF01C633FE800F89C2C /* AgentInFloorField.swift */; };
		3F398C031C633FE800F89C2C /* DataOnWalktype.swift in Sources */ = {isa = PBXBuildFile; fileRef = 3F398BF11C633FE800F89C2C /* DataOnWalktype.swift */; };
		3F398C041C633FE800F89C2C /* FloorField.swift in Sources */ = {isa = PBXBuildFile; fileRef = 3F398BF21C633FE800F89C2C /* FloorField.swift */; };
		3F398C051C633FE800F89C2C /* QuadTree.swift in Sources */ = {isa = PBXBuildFile; fileRef = 3F398BF31C633FE800F89C2C /* QuadTree.swift */; };
		3F398C061C633FE800F89C2C /* Scene.swift in Sources */ = {isa = PBXBuildFile; fileRef = 3F398BF41C633FE800F89C2C /* Scene.swift */; };
		3F398C071C633FE800F89C2C /* UpdateScenePeriodic.swift in Sources */ = {isa = PBXBuildFile; fileRef = 3F398BF51C633FE800F89C2C /* UpdateScenePeriodic.swift */; };
		3F398C081C633FE800F89C2C /* UpdateSceneNorm.swift in Sources */ = {isa = PBXBuildFile; fileRef = 3F398BF61C633FE800F89C2C /* UpdateSceneNorm.swift */; };
		3F398C091C633FE800F89C2C /* Shapes.swift in Sources */ = {isa = PBXBuildFile; fileRef = 3F398BF71C633FE800F89C2C /* Shapes.swift */; };
		3F398C0A1C633FE800F89C2C /* Vectors.swift in Sources */ = {isa = PBXBuildFile; fileRef = 3F398BF81C633FE800F89C2C /* Vectors.swift */; };
		3F398C0B1C633FE800F89C2C /* DrawableProtocol.swift in Sources */ = {isa = PBXBuildFile; fileRef = 3F398BF91C633FE800F89C2C /* DrawableProtocol.swift */; };
		3F398C0C1C633FE800F89C2C /* DataType.swift in Sources */ = {isa = PBXBuildFile; fileRef = 3F398BFA1C633FE800F89C2C /* DataType.swift */; };
		3F398C0D1C633FE800F89C2C /* SettingWindowController.swift in Sources */ = {isa = PBXBuildFile; fileRef = 3F398BFB1C633FE800F89C2C /* SettingWindowController.swift */; };
		3F398C0E1C633FE800F89C2C /* SettingWindowController.xib in Resources */ = {isa = PBXBuildFile; fileRef = 3F398BFC1C633FE800F89C2C /* SettingWindowController.xib */; };
		3F398C0F1C633FE800F89C2C /* SettingPresentView.swift in Sources */ = {isa = PBXBuildFile; fileRef = 3F398BFD1C633FE800F89C2C /* SettingPresentView.swift */; };
		3F398C101C633FE800F89C2C /* SimWindowController.swift in Sources */ = {isa = PBXBuildFile; fileRef = 3F398BFE1C633FE800F89C2C /* SimWindowController.swift */; };
		3F398C111C633FE800F89C2C /* SimWindowController.xib in Resources */ = {isa = PBXBuildFile; fileRef = 3F398BFF1C633FE800F89C2C /* SimWindowController.xib */; };
		3F398C121C633FE800F89C2C /* SimView.swift in Sources */ = {isa = PBXBuildFile; fileRef = 3F398C001C633FE800F89C2C /* SimView.swift */; };
		3F398C181C63448B00F89C2C /* FreeCounterFlow Bottleneck.plist in Resources */ = {isa = PBXBuildFile; fileRef = 3F398C171C63448B00F89C2C /* FreeCounterFlow Bottleneck.plist */; };
		3F398C1A1C63449E00F89C2C /* Seyfied.plist in Resources */ = {isa = PBXBuildFile; fileRef = 3F398C191C63449E00F89C2C /* Seyfied.plist */; };
/* End PBXBuildFile section */

/* Begin PBXFileReference section */
		3F398BDF1C633FBB00F89C2C /* EvacuationSim.app */ = {isa = PBXFileReference; explicitFileType = wrapper.application; includeInIndex = 0; path = EvacuationSim.app; sourceTree = BUILT_PRODUCTS_DIR; };
		3F398BE21C633FBB00F89C2C /* AppDelegate.swift */ = {isa = PBXFileReference; lastKnownFileType = sourcecode.swift; path = AppDelegate.swift; sourceTree = "<group>"; };
		3F398BE41C633FBB00F89C2C /* Assets.xcassets */ = {isa = PBXFileReference; lastKnownFileType = folder.assetcatalog; path = Assets.xcassets; sourceTree = "<group>"; };
		3F398BE71C633FBB00F89C2C /* Base */ = {isa = PBXFileReference; lastKnownFileType = file.xib; name = Base; path = Base.lproj/MainMenu.xib; sourceTree = "<group>"; };
		3F398BE91C633FBB00F89C2C /* Info.plist */ = {isa = PBXFileReference; lastKnownFileType = text.plist.xml; path = Info.plist; sourceTree = "<group>"; };
		3F398BEF1C633FE800F89C2C /* AgentAlgorithm.swift */ = {isa = PBXFileReference; fileEncoding = 4; lastKnownFileType = sourcecode.swift; path = AgentAlgorithm.swift; sourceTree = "<group>"; };
		3F398BF01C633FE800F89C2C /* AgentInFloorField.swift */ = {isa = PBXFileReference; fileEncoding = 4; lastKnownFileType = sourcecode.swift; path = AgentInFloorField.swift; sourceTree = "<group>"; };
		3F398BF11C633FE800F89C2C /* DataOnWalktype.swift */ = {isa = PBXFileReference; fileEncoding = 4; lastKnownFileType = sourcecode.swift; path = DataOnWalktype.swift; sourceTree = "<group>"; };
		3F398BF21C633FE800F89C2C /* FloorField.swift */ = {isa = PBXFileReference; fileEncoding = 4; lastKnownFileType = sourcecode.swift; path = FloorField.swift; sourceTree = "<group>"; };
		3F398BF31C633FE800F89C2C /* QuadTree.swift */ = {isa = PBXFileReference; fileEncoding = 4; lastKnownFileType = sourcecode.swift; path = QuadTree.swift; sourceTree = "<group>"; };
		3F398BF41C633FE800F89C2C /* Scene.swift */ = {isa = PBXFileReference; fileEncoding = 4; lastKnownFileType = sourcecode.swift; path = Scene.swift; sourceTree = "<group>"; };
		3F398BF51C633FE800F89C2C /* UpdateScenePeriodic.swift */ = {isa = PBXFileReference; fileEncoding = 4; lastKnownFileType = sourcecode.swift; path = UpdateScenePeriodic.swift; sourceTree = "<group>"; };
		3F398BF61C633FE800F89C2C /* UpdateSceneNorm.swift */ = {isa = PBXFileReference; fileEncoding = 4; lastKnownFileType = sourcecode.swift; path = UpdateSceneNorm.swift; sourceTree = "<group>"; };
		3F398BF71C633FE800F89C2C /* Shapes.swift */ = {isa = PBXFileReference; fileEncoding = 4; lastKnownFileType = sourcecode.swift; path = Shapes.swift; sourceTree = "<group>"; };
		3F398BF81C633FE800F89C2C /* Vectors.swift */ = {isa = PBXFileReference; fileEncoding = 4; lastKnownFileType = sourcecode.swift; path = Vectors.swift; sourceTree = "<group>"; };
		3F398BF91C633FE800F89C2C /* DrawableProtocol.swift */ = {isa = PBXFileReference; fileEncoding = 4; lastKnownFileType = sourcecode.swift; path = DrawableProtocol.swift; sourceTree = "<group>"; };
		3F398BFA1C633FE800F89C2C /* DataType.swift */ = {isa = PBXFileReference; fileEncoding = 4; lastKnownFileType = sourcecode.swift; path = DataType.swift; sourceTree = "<group>"; };
		3F398BFB1C633FE800F89C2C /* SettingWindowController.swift */ = {isa = PBXFileReference; fileEncoding = 4; lastKnownFileType = sourcecode.swift; path = SettingWindowController.swift; sourceTree = "<group>"; };
		3F398BFC1C633FE800F89C2C /* SettingWindowController.xib */ = {isa = PBXFileReference; fileEncoding = 4; lastKnownFileType = file.xib; path = SettingWindowController.xib; sourceTree = "<group>"; };
		3F398BFD1C633FE800F89C2C /* SettingPresentView.swift */ = {isa = PBXFileReference; fileEncoding = 4; lastKnownFileType = sourcecode.swift; path = SettingPresentView.swift; sourceTree = "<group>"; };
		3F398BFE1C633FE800F89C2C /* SimWindowController.swift */ = {isa = PBXFileReference; fileEncoding = 4; lastKnownFileType = sourcecode.swift; path = SimWindowController.swift; sourceTree = "<group>"; };
		3F398BFF1C633FE800F89C2C /* SimWindowController.xib */ = {isa = PBXFileReference; fileEncoding = 4; lastKnownFileType = file.xib; path = SimWindowController.xib; sourceTree = "<group>"; };
		3F398C001C633FE800F89C2C /* SimView.swift */ = {isa = PBXFileReference; fileEncoding = 4; lastKnownFileType = sourcecode.swift; path = SimView.swift; sourceTree = "<group>"; };
		3F398C171C63448B00F89C2C /* FreeCounterFlow Bottleneck.plist */ = {isa = PBXFileReference; fileEncoding = 4; lastKnownFileType = text.plist.xml; path = "FreeCounterFlow Bottleneck.plist"; sourceTree = "<group>"; };
		3F398C191C63449E00F89C2C /* Seyfied.plist */ = {isa = PBXFileReference; fileEncoding = 4; lastKnownFileType = text.plist.xml; path = Seyfied.plist; sourceTree = "<group>"; };
/* End PBXFileReference section */

/* Begin PBXFrameworksBuildPhase section */
		3F398BDC1C633FBB00F89C2C /* Frameworks */ = {
			isa = PBXFrameworksBuildPhase;
			buildActionMask = 2147483647;
			files = (
			);
			runOnlyForDeploymentPostprocessing = 0;
		};
/* End PBXFrameworksBuildPhase section */

/* Begin PBXGroup section */
		3F398BD61C633FBB00F89C2C = {
			isa = PBXGroup;
			children = (
				3F398BE11C633FBB00F89C2C /* EvacuationSim */,
				3F398BE01C633FBB00F89C2C /* Products */,
			);
			sourceTree = "<group>";
		};
		3F398BE01C633FBB00F89C2C /* Products */ = {
			isa = PBXGroup;
			children = (
				3F398BDF1C633FBB00F89C2C /* EvacuationSim.app */,
			);
			name = Products;
			sourceTree = "<group>";
		};
		3F398BE11C633FBB00F89C2C /* EvacuationSim */ = {
			isa = PBXGroup;
			children = (
				3F398BE21C633FBB00F89C2C /* AppDelegate.swift */,
				3F398C161C63446300F89C2C /* DataPlistFiles */,
				3F398C141C6340DD00F89C2C /* Algorithms */,
				3F398BF41C633FE800F89C2C /* Scene.swift */,
				3F398BF51C633FE800F89C2C /* UpdateScenePeriodic.swift */,
				3F398BF61C633FE800F89C2C /* UpdateSceneNorm.swift */,
				3F398C131C6340B400F89C2C /* UI */,
				3F398BE41C633FBB00F89C2C /* Assets.xcassets */,
				3F398BE61C633FBB00F89C2C /* MainMenu.xib */,
				3F398BE91C633FBB00F89C2C /* Info.plist */,
			);
			path = EvacuationSim;
			sourceTree = "<group>";
		};
		3F398C131C6340B400F89C2C /* UI */ = {
			isa = PBXGroup;
			children = (
				3F398BFB1C633FE800F89C2C /* SettingWindowController.swift */,
				3F398BFC1C633FE800F89C2C /* SettingWindowController.xib */,
				3F398BFD1C633FE800F89C2C /* SettingPresentView.swift */,
				3F398BFE1C633FE800F89C2C /* SimWindowController.swift */,
				3F398BFF1C633FE800F89C2C /* SimWindowController.xib */,
				3F398C001C633FE800F89C2C /* SimView.swift */,
				3F398BFA1C633FE800F89C2C /* DataType.swift */,
			);
			name = UI;
			sourceTree = "<group>";
		};
		3F398C141C6340DD00F89C2C /* Algorithms */ = {
			isa = PBXGroup;
			children = (
				3F398BEF1C633FE800F89C2C /* AgentAlgorithm.swift */,
				3F398BF01C633FE800F89C2C /* AgentInFloorField.swift */,
				3F398BF11C633FE800F89C2C /* DataOnWalktype.swift */,
				3F398BF21C633FE800F89C2C /* FloorField.swift */,
				3F398BF31C633FE800F89C2C /* QuadTree.swift */,
				3F398BF71C633FE800F89C2C /* Shapes.swift */,
				3F398BF81C633FE800F89C2C /* Vectors.swift */,
				3F398BF91C633FE800F89C2C /* DrawableProtocol.swift */,
			);
			name = Algorithms;
			sourceTree = "<group>";
		};
		3F398C161C63446300F89C2C /* DataPlistFiles */ = {
			isa = PBXGroup;
			children = (
				3F398C171C63448B00F89C2C /* FreeCounterFlow Bottleneck.plist */,
				3F398C191C63449E00F89C2C /* Seyfied.plist */,
			);
			name = DataPlistFiles;
			sourceTree = "<group>";
		};
/* End PBXGroup section */

/* Begin PBXNativeTarget section */
		3F398BDE1C633FBB00F89C2C /* EvacuationSim */ = {
			isa = PBXNativeTarget;
			buildConfigurationList = 3F398BEC1C633FBB00F89C2C /* Build configuration list for PBXNativeTarget "EvacuationSim" */;
			buildPhases = (
				3F398BDB1C633FBB00F89C2C /* Sources */,
				3F398BDC1C633FBB00F89C2C /* Frameworks */,
				3F398BDD1C633FBB00F89C2C /* Resources */,
			);
			buildRules = (
			);
			dependencies = (
			);
			name = EvacuationSim;
			productName = EvacuationSim;
			productReference = 3F398BDF1C633FBB00F89C2C /* EvacuationSim.app */;
			productType = "com.apple.product-type.application";
		};
/* End PBXNativeTarget section */

/* Begin PBXProject section */
		3F398BD71C633FBB00F89C2C /* Project object */ = {
			isa = PBXProject;
			attributes = {
				LastSwiftUpdateCheck = 0720;
				LastUpgradeCheck = 0720;
				ORGANIZATIONNAME = D.K.Lan;
				TargetAttributes = {
					3F398BDE1C633FBB00F89C2C = {
						CreatedOnToolsVersion = 7.2.1;
					};
				};
			};
			buildConfigurationList = 3F398BDA1C633FBB00F89C2C /* Build configuration list for PBXProject "EvacuationSim" */;
			compatibilityVersion = "Xcode 3.2";
			developmentRegion = English;
			hasScannedForEncodings = 0;
			knownRegions = (
				en,
				Base,
			);
			mainGroup = 3F398BD61C633FBB00F89C2C;
			productRefGroup = 3F398BE01C633FBB00F89C2C /* Products */;
			projectDirPath = "";
			projectRoot = "";
			targets = (
				3F398BDE1C633FBB00F89C2C /* EvacuationSim */,
			);
		};
/* End PBXProject section */

/* Begin PBXResourcesBuildPhase section */
		3F398BDD1C633FBB00F89C2C /* Resources */ = {
			isa = PBXResourcesBuildPhase;
			buildActionMask = 2147483647;
			files = (
				3F398BE51C633FBB00F89C2C /* Assets.xcassets in Resources */,
				3F398C181C63448B00F89C2C /* FreeCounterFlow Bottleneck.plist in Resources */,
				3F398C111C633FE800F89C2C /* SimWindowController.xib in Resources */,
				3F398C0E1C633FE800F89C2C /* SettingWindowController.xib in Resources */,
				3F398C1A1C63449E00F89C2C /* Seyfied.plist in Resources */,
				3F398BE81C633FBB00F89C2C /* MainMenu.xib in Resources */,
			);
			runOnlyForDeploymentPostprocessing = 0;
		};
/* End PBXResourcesBuildPhase section */

/* Begin PBXSourcesBuildPhase section */
		3F398BDB1C633FBB00F89C2C /* Sources */ = {
			isa = PBXSourcesBuildPhase;
			buildActionMask = 2147483647;
			files = (
				3F398C0C1C633FE800F89C2C /* DataType.swift in Sources */,
				3F398C051C633FE800F89C2C /* QuadTree.swift in Sources */,
				3F398C021C633FE800F89C2C /* AgentInFloorField.swift in Sources */,
				3F398C0A1C633FE800F89C2C /* Vectors.swift in Sources */,
				3F398C0D1C633FE800F89C2C /* SettingWindowController.swift in Sources */,
				3F398C121C633FE800F89C2C /* SimView.swift in Sources */,
				3F398BE31C633FBB00F89C2C /* AppDelegate.swift in Sources */,
				3F398C0F1C633FE800F89C2C /* SettingPresentView.swift in Sources */,
				3F398C041C633FE800F89C2C /* FloorField.swift in Sources */,
				3F398C071C633FE800F89C2C /* UpdateScenePeriodic.swift in Sources */,
				3F398C101C633FE800F89C2C /* SimWindowController.swift in Sources */,
				3F398C081C633FE800F89C2C /* UpdateSceneNorm.swift in Sources */,
				3F398C061C633FE800F89C2C /* Scene.swift in Sources */,
				3F398C091C633FE800F89C2C /* Shapes.swift in Sources */,
				3F398C0B1C633FE800F89C2C /* DrawableProtocol.swift in Sources */,
				3F398C011C633FE800F89C2C /* AgentAlgorithm.swift in Sources */,
				3F398C031C633FE800F89C2C /* DataOnWalktype.swift in Sources */,
			);
			runOnlyForDeploymentPostprocessing = 0;
		};
/* End PBXSourcesBuildPhase section */

/* Begin PBXVariantGroup section */
		3F398BE61C633FBB00F89C2C /* MainMenu.xib */ = {
			isa = PBXVariantGroup;
			children = (
				3F398BE71C633FBB00F89C2C /* Base */,
			);
			name = MainMenu.xib;
			sourceTree = "<group>";
		};
/* End PBXVariantGroup section */

/* Begin XCBuildConfiguration section */
		3F398BEA1C633FBB00F89C2C /* Debug */ = {
			isa = XCBuildConfiguration;
			buildSettings = {
				ALWAYS_SEARCH_USER_PATHS = NO;
				CLANG_CXX_LANGUAGE_STANDARD = "gnu++0x";
				CLANG_CXX_LIBRARY = "libc++";
				CLANG_ENABLE_MODULES = YES;
				CLANG_ENABLE_OBJC_ARC = YES;
				CLANG_WARN_BOOL_CONVERSION = YES;
				CLANG_WARN_CONSTANT_CONVERSION = YES;
				CLANG_WARN_DIRECT_OBJC_ISA_USAGE = YES_ERROR;
				CLANG_WARN_EMPTY_BODY = YES;
				CLANG_WARN_ENUM_CONVERSION = YES;
				CLANG_WARN_INT_CONVERSION = YES;
				CLANG_WARN_OBJC_ROOT_CLASS = YES_ERROR;
				CLANG_WARN_UNREACHABLE_CODE = YES;
				CLANG_WARN__DUPLICATE_METHOD_MATCH = YES;
				CODE_SIGN_IDENTITY = "-";
				COPY_PHASE_STRIP = NO;
				DEBUG_INFORMATION_FORMAT = dwarf;
				ENABLE_STRICT_OBJC_MSGSEND = YES;
				ENABLE_TESTABILITY = YES;
				GCC_C_LANGUAGE_STANDARD = gnu99;
				GCC_DYNAMIC_NO_PIC = NO;
				GCC_NO_COMMON_BLOCKS = YES;
				GCC_OPTIMIZATION_LEVEL = 0;
				GCC_PREPROCESSOR_DEFINITIONS = (
					"DEBUG=1",
					"$(inherited)",
				);
				GCC_WARN_64_TO_32_BIT_CONVERSION = YES;
				GCC_WARN_ABOUT_RETURN_TYPE = YES_ERROR;
				GCC_WARN_UNDECLARED_SELECTOR = YES;
				GCC_WARN_UNINITIALIZED_AUTOS = YES_AGGRESSIVE;
				GCC_WARN_UNUSED_FUNCTION = YES;
				GCC_WARN_UNUSED_VARIABLE = YES;
				MACOSX_DEPLOYMENT_TARGET = 10.11;
				MTL_ENABLE_DEBUG_INFO = YES;
				ONLY_ACTIVE_ARCH = YES;
				SDKROOT = macosx;
				SWIFT_OPTIMIZATION_LEVEL = "-Onone";
			};
			name = Debug;
		};
		3F398BEB1C633FBB00F89C2C /* Release */ = {
			isa = XCBuildConfiguration;
			buildSettings = {
				ALWAYS_SEARCH_USER_PATHS = NO;
				CLANG_CXX_LANGUAGE_STANDARD = "gnu++0x";
				CLANG_CXX_LIBRARY = "libc++";
				CLANG_ENABLE_MODULES = YES;
				CLANG_ENABLE_OBJC_ARC = YES;
				CLANG_WARN_BOOL_CONVERSION = YES;
				CLANG_WARN_CONSTANT_CONVERSION = YES;
				CLANG_WARN_DIRECT_OBJC_ISA_USAGE = YES_ERROR;
				CLANG_WARN_EMPTY_BODY = YES;
				CLANG_WARN_ENUM_CONVERSION = YES;
				CLANG_WARN_INT_CONVERSION = YES;
				CLANG_WARN_OBJC_ROOT_CLASS = YES_ERROR;
				CLANG_WARN_UNREACHABLE_CODE = YES;
				CLANG_WARN__DUPLICATE_METHOD_MATCH = YES;
				CODE_SIGN_IDENTITY = "-";
				COPY_PHASE_STRIP = NO;
				DEBUG_INFORMATION_FORMAT = "dwarf-with-dsym";
				ENABLE_NS_ASSERTIONS = NO;
				ENABLE_STRICT_OBJC_MSGSEND = YES;
				GCC_C_LANGUAGE_STANDARD = gnu99;
				GCC_NO_COMMON_BLOCKS = YES;
				GCC_WARN_64_TO_32_BIT_CONVERSION = YES;
				GCC_WARN_ABOUT_RETURN_TYPE = YES_ERROR;
				GCC_WARN_UNDECLARED_SELECTOR = YES;
				GCC_WARN_UNINITIALIZED_AUTOS = YES_AGGRESSIVE;
				GCC_WARN_UNUSED_FUNCTION = YES;
				GCC_WARN_UNUSED_VARIABLE = YES;
				MACOSX_DEPLOYMENT_TARGET = 10.11;
				MTL_ENABLE_DEBUG_INFO = NO;
				SDKROOT = macosx;
			};
			name = Release;
		};
		3F398BED1C633FBB00F89C2C /* Debug */ = {
			isa = XCBuildConfiguration;
			buildSettings = {
				ASSETCATALOG_COMPILER_APPICON_NAME = AppIcon;
				COMBINE_HIDPI_IMAGES = YES;
				INFOPLIST_FILE = EvacuationSim/Info.plist;
				LD_RUNPATH_SEARCH_PATHS = "$(inherited) @executable_path/../Frameworks";
				PRODUCT_BUNDLE_IDENTIFIER = com.lan.EvacuationSim;
				PRODUCT_NAME = "$(TARGET_NAME)";
			};
			name = Debug;
		};
		3F398BEE1C633FBB00F89C2C /* Release */ = {
			isa = XCBuildConfiguration;
			buildSettings = {
				ASSETCATALOG_COMPILER_APPICON_NAME = AppIcon;
				COMBINE_HIDPI_IMAGES = YES;
				INFOPLIST_FILE = EvacuationSim/Info.plist;
				LD_RUNPATH_SEARCH_PATHS = "$(inherited) @executable_path/../Frameworks";
				PRODUCT_BUNDLE_IDENTIFIER = com.lan.EvacuationSim;
				PRODUCT_NAME = "$(TARGET_NAME)";
			};
			name = Release;
		};
/* End XCBuildConfiguration section */

/* Begin XCConfigurationList section */
		3F398BDA1C633FBB00F89C2C /* Build configuration list for PBXProject "EvacuationSim" */ = {
			isa = XCConfigurationList;
			buildConfigurations = (
				3F398BEA1C633FBB00F89C2C /* Debug */,
				3F398BEB1C633FBB00F89C2C /* Release */,
			);
			defaultConfigurationIsVisible = 0;
			defaultConfigurationName = Release;
		};
		3F398BEC1C633FBB00F89C2C /* Build configuration list for PBXNativeTarget "EvacuationSim" */ = {
			isa = XCConfigurationList;
			buildConfigurations = (
				3F398BED1C633FBB00F89C2C /* Debug */,
				3F398BEE1C633FBB00F89C2C /* Release */,
			);
			defaultConfigurationIsVisible = 0;
			defaultConfigurationName = Release;
		};
/* End XCConfigurationList section */
	};
	rootObject = 3F398BD71C633FBB00F89C2C /* Project object */;
}
